
Microsoft Visual Studio Solution File, Format Version 10.00
# Visual Studio 2008
Project("{8BC9CEB8-8B4A-11D0-8D11-00A0C91BC942}") = "RunDll", "RunDll\RunDll.vcproj", "{FC2FA450-BFA0-44E0-A865-7E9DDC549C51}"
EndProject
Global
	GlobalSection(SolutionConfigurationPlatforms) = preSolution
		Debug|Win32 = Debug|Win32
		Release|Win32 = Release|Win32
	EndGlobalSection
	GlobalSection(ProjectConfigurationPlatforms) = postSolution
		{FC2FA450-BFA0-44E0-A865-7E9DDC549C51}.Debug|Win32.ActiveCfg = Debug|Win32
		{FC2FA450-BFA0-44E0-A865-7E9DDC549C51}.Debug|Win32.Build.0 = Debug|Win32
		{FC2FA450-BFA0-44E0-A865-7E9DDC549C51}.Release|Win32.ActiveCfg = Release|Win32
		{FC2FA450-BFA0-44E0-A865-7E9DDC549C51}.Release|Win32.Build.0 = Release|Win32
	EndGlobalSection
	GlobalSection(SolutionProperties) = preSolution
		HideSolutionNode = FALSE
	EndGlobalSection
EndGlobal
